{
  "artifact_sha256": "29b27a00a5a4ae958f0feef80099ca617a38048082f2f958b854f9119054bac6",
  "content_sha256": "779048c9b19e7a4914061f1c3a4bc6ab99cabda86c8853196c1631f36f829249",
  "format": 1,
  "runner_sha256": "1e6e13ce169c7461fa5e6d1e762b0b3bc2b54d46467f03c2a38713ebe7d07882",
  "simplecode_version": "9.4.0"
}
