{
  "artifact_sha256": "3988d061db805877695466b5ceda8f5b003db9323064fe909d802f95dbf80d6f",
  "content_sha256": "7bc88b8424d3e69472e473aab4e1f143afe2efd7e59d44ecf324d047b3e1ea92",
  "format": 1,
  "runner_sha256": "1e6e13ce169c7461fa5e6d1e762b0b3bc2b54d46467f03c2a38713ebe7d07882",
  "simplecode_version": "9.6.1"
}
