{
  "artifact_sha256": "0a79ffe7757636e5c547ca152e46e9aa6d9114a9a38729228c11caedacf2a760",
  "content_sha256": "07d08615f6836270e0edf7353192b7464c48750a4aaa2a5c64da92052270b4d3",
  "format": 1,
  "runner_sha256": "1e6e13ce169c7461fa5e6d1e762b0b3bc2b54d46467f03c2a38713ebe7d07882",
  "simplecode_version": "9.7.1"
}
