{
  "artifact_sha256": "77fa3b77aa5c8a9bb2de4f23bdbfaf7e4246319526452370d0b6aa9995a2d9d3",
  "content_sha256": "de6eb26d3321e99bc85c1cc38e946d740881aa959815bd608afa901afea63fc3",
  "format": 1,
  "runner_sha256": "1e6e13ce169c7461fa5e6d1e762b0b3bc2b54d46467f03c2a38713ebe7d07882",
  "simplecode_version": "9.3.2"
}
